
Microsoft Visual Studio Solution File, Format Version 12.00
# Visual Studio 15
VisualStudioVersion = 15.0.26730.12
MinimumVisualStudioVersion = 10.0.40219.1
Project("{FAE04EC0-301F-11D3-BF4B-00C04F79EFBC}") = "Lab00", "Lab00\Lab00.csproj", "{E176E33E-D938-4F59-84CA-73721D76EF3B}"
EndProject
Project("{FAE04EC0-301F-11D3-BF4B-00C04F79EFBC}") = "Lab01", "Lab01\Lab01.csproj", "{720FC0A9-07C6-4AFD-AF23-4B90FAC2244B}"
EndProject
Project("{FAE04EC0-301F-11D3-BF4B-00C04F79EFBC}") = "Game Engine", "Game Engine\Game Engine.csproj", "{B3468588-AD22-4977-A43A-1CB9061B54F2}"
EndProject
Project("{FAE04EC0-301F-11D3-BF4B-00C04F79EFBC}") = "Lab02", "Lab02\Lab02.csproj", "{89AC4B0D-0687-49B2-BC05-1219D53DFA91}"
EndProject
Project("{FAE04EC0-301F-11D3-BF4B-00C04F79EFBC}") = "Lab03", "Lab03\Lab03.csproj", "{66D04942-17A3-42F2-9214-847398333F6D}"
EndProject
Project("{FAE04EC0-301F-11D3-BF4B-00C04F79EFBC}") = "Assignment01", "Assignment01\Assignment01.csproj", "{1935A5E8-B1A5-4AC4-B1F6-C15AD465C6A8}"
EndProject
Project("{FAE04EC0-301F-11D3-BF4B-00C04F79EFBC}") = "Lab04", "Lab04\Lab04.csproj", "{52BFAA57-043A-4E67-83BD-0535933F98E0}"
EndProject
Project("{FAE04EC0-301F-11D3-BF4B-00C04F79EFBC}") = "Lab05", "Lab05\Lab05.csproj", "{80EDDE72-6974-4160-B9E9-1CD31C592279}"
EndProject
Project("{FAE04EC0-301F-11D3-BF4B-00C04F79EFBC}") = "Lab06", "Lab06\Lab06.csproj", "{7BC77823-B976-4030-932B-8C7DD83AB236}"
EndProject
Project("{FAE04EC0-301F-11D3-BF4B-00C04F79EFBC}") = "Assignment02", "Game1\Assignment02.csproj", "{F57E1F9A-7F70-4C6B-AAF4-841D6F51D34D}"
EndProject
Project("{FAE04EC0-301F-11D3-BF4B-00C04F79EFBC}") = "Lab07", "Lab07\Lab07.csproj", "{62E28936-EB77-46F3-A9B5-8349FC1F64F3}"
EndProject
Project("{FAE04EC0-301F-11D3-BF4B-00C04F79EFBC}") = "Lab08", "Lab08\Lab08.csproj", "{2D43A7FA-5D35-4D6F-8AEA-9465DF02BF09}"
EndProject
Project("{FAE04EC0-301F-11D3-BF4B-00C04F79EFBC}") = "Assignment03", "Assignment03\Assignment03.csproj", "{0B5B23E3-EE74-4203-907C-0E064CA6626A}"
EndProject
Project("{FAE04EC0-301F-11D3-BF4B-00C04F79EFBC}") = "Lab09", "Lab09\Lab09.csproj", "{E8D938EA-9AB1-41F8-AF6A-5ED6BAA21E08}"
EndProject
Project("{FAE04EC0-301F-11D3-BF4B-00C04F79EFBC}") = "Lab10", "Lab10\Lab10.csproj", "{9906F402-2D4B-43EA-A3BD-1600D8A90816}"
EndProject
Project("{FAE04EC0-301F-11D3-BF4B-00C04F79EFBC}") = "Assignment05", "Assignment05\Assignment05.csproj", "{902E453B-D1EB-4DE9-B511-617FF4C73E92}"
EndProject
Project("{FAE04EC0-301F-11D3-BF4B-00C04F79EFBC}") = "Assignment04", "Assignment04\Assignment04.csproj", "{4B9F3FC9-0433-4A8D-A551-21CD5E47183E}"
EndProject
Project("{FAE04EC0-301F-11D3-BF4B-00C04F79EFBC}") = "Lab11", "Lab11\Lab11.csproj", "{C7F9A9F8-D368-4E99-B1C5-C57AF17838B9}"
EndProject
Project("{FAE04EC0-301F-11D3-BF4B-00C04F79EFBC}") = "FinalGame", "FinalGame\FinalGame.csproj", "{F3E8002B-B17C-4B49-BEEC-9A7F1984085F}"
EndProject
Global
	GlobalSection(SolutionConfigurationPlatforms) = preSolution
		Debug|x86 = Debug|x86
		Release|x86 = Release|x86
	EndGlobalSection
	GlobalSection(ProjectConfigurationPlatforms) = postSolution
		{E176E33E-D938-4F59-84CA-73721D76EF3B}.Debug|x86.ActiveCfg = Debug|x86
		{E176E33E-D938-4F59-84CA-73721D76EF3B}.Debug|x86.Build.0 = Debug|x86
		{E176E33E-D938-4F59-84CA-73721D76EF3B}.Release|x86.ActiveCfg = Release|x86
		{E176E33E-D938-4F59-84CA-73721D76EF3B}.Release|x86.Build.0 = Release|x86
		{720FC0A9-07C6-4AFD-AF23-4B90FAC2244B}.Debug|x86.ActiveCfg = Debug|x86
		{720FC0A9-07C6-4AFD-AF23-4B90FAC2244B}.Debug|x86.Build.0 = Debug|x86
		{720FC0A9-07C6-4AFD-AF23-4B90FAC2244B}.Release|x86.ActiveCfg = Release|x86
		{720FC0A9-07C6-4AFD-AF23-4B90FAC2244B}.Release|x86.Build.0 = Release|x86
		{B3468588-AD22-4977-A43A-1CB9061B54F2}.Debug|x86.ActiveCfg = Debug|x86
		{B3468588-AD22-4977-A43A-1CB9061B54F2}.Debug|x86.Build.0 = Debug|x86
		{B3468588-AD22-4977-A43A-1CB9061B54F2}.Release|x86.ActiveCfg = Release|x86
		{B3468588-AD22-4977-A43A-1CB9061B54F2}.Release|x86.Build.0 = Release|x86
		{89AC4B0D-0687-49B2-BC05-1219D53DFA91}.Debug|x86.ActiveCfg = Debug|x86
		{89AC4B0D-0687-49B2-BC05-1219D53DFA91}.Debug|x86.Build.0 = Debug|x86
		{89AC4B0D-0687-49B2-BC05-1219D53DFA91}.Release|x86.ActiveCfg = Release|x86
		{89AC4B0D-0687-49B2-BC05-1219D53DFA91}.Release|x86.Build.0 = Release|x86
		{66D04942-17A3-42F2-9214-847398333F6D}.Debug|x86.ActiveCfg = Debug|x86
		{66D04942-17A3-42F2-9214-847398333F6D}.Debug|x86.Build.0 = Debug|x86
		{66D04942-17A3-42F2-9214-847398333F6D}.Release|x86.ActiveCfg = Release|x86
		{66D04942-17A3-42F2-9214-847398333F6D}.Release|x86.Build.0 = Release|x86
		{1935A5E8-B1A5-4AC4-B1F6-C15AD465C6A8}.Debug|x86.ActiveCfg = Debug|x86
		{1935A5E8-B1A5-4AC4-B1F6-C15AD465C6A8}.Debug|x86.Build.0 = Debug|x86
		{1935A5E8-B1A5-4AC4-B1F6-C15AD465C6A8}.Release|x86.ActiveCfg = Release|x86
		{1935A5E8-B1A5-4AC4-B1F6-C15AD465C6A8}.Release|x86.Build.0 = Release|x86
		{52BFAA57-043A-4E67-83BD-0535933F98E0}.Debug|x86.ActiveCfg = Debug|x86
		{52BFAA57-043A-4E67-83BD-0535933F98E0}.Debug|x86.Build.0 = Debug|x86
		{52BFAA57-043A-4E67-83BD-0535933F98E0}.Release|x86.ActiveCfg = Release|x86
		{52BFAA57-043A-4E67-83BD-0535933F98E0}.Release|x86.Build.0 = Release|x86
		{80EDDE72-6974-4160-B9E9-1CD31C592279}.Debug|x86.ActiveCfg = Debug|x86
		{80EDDE72-6974-4160-B9E9-1CD31C592279}.Debug|x86.Build.0 = Debug|x86
		{80EDDE72-6974-4160-B9E9-1CD31C592279}.Release|x86.ActiveCfg = Release|x86
		{80EDDE72-6974-4160-B9E9-1CD31C592279}.Release|x86.Build.0 = Release|x86
		{7BC77823-B976-4030-932B-8C7DD83AB236}.Debug|x86.ActiveCfg = Debug|x86
		{7BC77823-B976-4030-932B-8C7DD83AB236}.Debug|x86.Build.0 = Debug|x86
		{7BC77823-B976-4030-932B-8C7DD83AB236}.Release|x86.ActiveCfg = Release|x86
		{7BC77823-B976-4030-932B-8C7DD83AB236}.Release|x86.Build.0 = Release|x86
		{F57E1F9A-7F70-4C6B-AAF4-841D6F51D34D}.Debug|x86.ActiveCfg = Debug|x86
		{F57E1F9A-7F70-4C6B-AAF4-841D6F51D34D}.Debug|x86.Build.0 = Debug|x86
		{F57E1F9A-7F70-4C6B-AAF4-841D6F51D34D}.Release|x86.ActiveCfg = Release|x86
		{F57E1F9A-7F70-4C6B-AAF4-841D6F51D34D}.Release|x86.Build.0 = Release|x86
		{62E28936-EB77-46F3-A9B5-8349FC1F64F3}.Debug|x86.ActiveCfg = Debug|x86
		{62E28936-EB77-46F3-A9B5-8349FC1F64F3}.Debug|x86.Build.0 = Debug|x86
		{62E28936-EB77-46F3-A9B5-8349FC1F64F3}.Release|x86.ActiveCfg = Release|x86
		{62E28936-EB77-46F3-A9B5-8349FC1F64F3}.Release|x86.Build.0 = Release|x86
		{2D43A7FA-5D35-4D6F-8AEA-9465DF02BF09}.Debug|x86.ActiveCfg = Debug|x86
		{2D43A7FA-5D35-4D6F-8AEA-9465DF02BF09}.Debug|x86.Build.0 = Debug|x86
		{2D43A7FA-5D35-4D6F-8AEA-9465DF02BF09}.Release|x86.ActiveCfg = Release|x86
		{2D43A7FA-5D35-4D6F-8AEA-9465DF02BF09}.Release|x86.Build.0 = Release|x86
		{0B5B23E3-EE74-4203-907C-0E064CA6626A}.Debug|x86.ActiveCfg = Debug|x86
		{0B5B23E3-EE74-4203-907C-0E064CA6626A}.Debug|x86.Build.0 = Debug|x86
		{0B5B23E3-EE74-4203-907C-0E064CA6626A}.Release|x86.ActiveCfg = Release|x86
		{0B5B23E3-EE74-4203-907C-0E064CA6626A}.Release|x86.Build.0 = Release|x86
		{E8D938EA-9AB1-41F8-AF6A-5ED6BAA21E08}.Debug|x86.ActiveCfg = Debug|x86
		{E8D938EA-9AB1-41F8-AF6A-5ED6BAA21E08}.Debug|x86.Build.0 = Debug|x86
		{E8D938EA-9AB1-41F8-AF6A-5ED6BAA21E08}.Release|x86.ActiveCfg = Release|x86
		{E8D938EA-9AB1-41F8-AF6A-5ED6BAA21E08}.Release|x86.Build.0 = Release|x86
		{9906F402-2D4B-43EA-A3BD-1600D8A90816}.Debug|x86.ActiveCfg = Debug|x86
		{9906F402-2D4B-43EA-A3BD-1600D8A90816}.Debug|x86.Build.0 = Debug|x86
		{9906F402-2D4B-43EA-A3BD-1600D8A90816}.Release|x86.ActiveCfg = Release|x86
		{9906F402-2D4B-43EA-A3BD-1600D8A90816}.Release|x86.Build.0 = Release|x86
		{902E453B-D1EB-4DE9-B511-617FF4C73E92}.Debug|x86.ActiveCfg = Debug|x86
		{902E453B-D1EB-4DE9-B511-617FF4C73E92}.Debug|x86.Build.0 = Debug|x86
		{902E453B-D1EB-4DE9-B511-617FF4C73E92}.Release|x86.ActiveCfg = Release|x86
		{902E453B-D1EB-4DE9-B511-617FF4C73E92}.Release|x86.Build.0 = Release|x86
		{4B9F3FC9-0433-4A8D-A551-21CD5E47183E}.Debug|x86.ActiveCfg = Debug|x86
		{4B9F3FC9-0433-4A8D-A551-21CD5E47183E}.Debug|x86.Build.0 = Debug|x86
		{4B9F3FC9-0433-4A8D-A551-21CD5E47183E}.Release|x86.ActiveCfg = Release|x86
		{4B9F3FC9-0433-4A8D-A551-21CD5E47183E}.Release|x86.Build.0 = Release|x86
		{C7F9A9F8-D368-4E99-B1C5-C57AF17838B9}.Debug|x86.ActiveCfg = Debug|x86
		{C7F9A9F8-D368-4E99-B1C5-C57AF17838B9}.Debug|x86.Build.0 = Debug|x86
		{C7F9A9F8-D368-4E99-B1C5-C57AF17838B9}.Release|x86.ActiveCfg = Release|x86
		{C7F9A9F8-D368-4E99-B1C5-C57AF17838B9}.Release|x86.Build.0 = Release|x86
		{F3E8002B-B17C-4B49-BEEC-9A7F1984085F}.Debug|x86.ActiveCfg = Debug|x86
		{F3E8002B-B17C-4B49-BEEC-9A7F1984085F}.Debug|x86.Build.0 = Debug|x86
		{F3E8002B-B17C-4B49-BEEC-9A7F1984085F}.Release|x86.ActiveCfg = Release|x86
		{F3E8002B-B17C-4B49-BEEC-9A7F1984085F}.Release|x86.Build.0 = Release|x86
	EndGlobalSection
	GlobalSection(SolutionProperties) = preSolution
		HideSolutionNode = FALSE
	EndGlobalSection
	GlobalSection(ExtensibilityGlobals) = postSolution
		SolutionGuid = {F9B98A1B-CCE3-4DD8-85AB-3DB021797EF9}
	EndGlobalSection
EndGlobal
